// !$*UTF8*$!
{
	archiveVersion = 1;
	classes = {
	};
	objectVersion = 46;
	objects = {

/* Begin PBXBuildFile section */
		9B21497E1C92D0000060C962 /* AppDelegate.swift in Sources */ = {isa = PBXBuildFile; fileRef = 9B21497D1C92D0000060C962 /* AppDelegate.swift */; };
		9B2149801C92D0000060C962 /* ViewController.swift in Sources */ = {isa = PBXBuildFile; fileRef = 9B21497F1C92D0000060C962 /* ViewController.swift */; };
		9B2149831C92D0000060C962 /* Main.storyboard in Resources */ = {isa = PBXBuildFile; fileRef = 9B2149811C92D0000060C962 /* Main.storyboard */; };
		9B2149851C92D0000060C962 /* Assets.xcassets in Resources */ = {isa = PBXBuildFile; fileRef = 9B2149841C92D0000060C962 /* Assets.xcassets */; };
		9B2149881C92D0000060C962 /* LaunchScreen.storyboard in Resources */ = {isa = PBXBuildFile; fileRef = 9B2149861C92D0000060C962 /* LaunchScreen.storyboard */; };
		9B2149911C92D53A0060C962 /* CustomView.swift in Sources */ = {isa = PBXBuildFile; fileRef = 9B21498F1C92D53A0060C962 /* CustomView.swift */; };
		9B2149921C92D53A0060C962 /* CustomView.xib in Resources */ = {isa = PBXBuildFile; fileRef = 9B2149901C92D53A0060C962 /* CustomView.xib */; };
/* End PBXBuildFile section */

/* Begin PBXFileReference section */
		9B21497A1C92D0000060C962 /* CustomView.app */ = {isa = PBXFileReference; explicitFileType = wrapper.application; includeInIndex = 0; path = CustomView.app; sourceTree = BUILT_PRODUCTS_DIR; };
		9B21497D1C92D0000060C962 /* AppDelegate.swift */ = {isa = PBXFileReference; lastKnownFileType = sourcecode.swift; path = AppDelegate.swift; sourceTree = "<group>"; };
		9B21497F1C92D0000060C962 /* ViewController.swift */ = {isa = PBXFileReference; lastKnownFileType = sourcecode.swift; path = ViewController.swift; sourceTree = "<group>"; };
		9B2149821C92D0000060C962 /* Base */ = {isa = PBXFileReference; lastKnownFileType = file.storyboard; name = Base; path = Base.lproj/Main.storyboard; sourceTree = "<group>"; };
		9B2149841C92D0000060C962 /* Assets.xcassets */ = {isa = PBXFileReference; lastKnownFileType = folder.assetcatalog; path = Assets.xcassets; sourceTree = "<group>"; };
		9B2149871C92D0000060C962 /* Base */ = {isa = PBXFileReference; lastKnownFileType = file.storyboard; name = Base; path = Base.lproj/LaunchScreen.storyboard; sourceTree = "<group>"; };
		9B2149891C92D0000060C962 /* Info.plist */ = {isa = PBXFileReference; lastKnownFileType = text.plist.xml; path = Info.plist; sourceTree = "<group>"; };
		9B21498F1C92D53A0060C962 /* CustomView.swift */ = {isa = PBXFileReference; fileEncoding = 4; lastKnownFileType = sourcecode.swift; path = CustomView.swift; sourceTree = "<group>"; };
		9B2149901C92D53A0060C962 /* CustomView.xib */ = {isa = PBXFileReference; fileEncoding = 4; lastKnownFileType = file.xib; path = CustomView.xib; sourceTree = "<group>"; };
/* End PBXFileReference section */

/* Begin PBXFrameworksBuildPhase section */
		9B2149771C92D0000060C962 /* Frameworks */ = {
			isa = PBXFrameworksBuildPhase;
			buildActionMask = 2147483647;
			files = (
			);
			runOnlyForDeploymentPostprocessing = 0;
		};
/* End PBXFrameworksBuildPhase section */

/* Begin PBXGroup section */
		9B2149711C92D0000060C962 = {
			isa = PBXGroup;
			children = (
				9B21497C1C92D0000060C962 /* CustomView */,
				9B21497B1C92D0000060C962 /* Products */,
			);
			sourceTree = "<group>";
		};
		9B21497B1C92D0000060C962 /* Products */ = {
			isa = PBXGroup;
			children = (
				9B21497A1C92D0000060C962 /* CustomView.app */,
			);
			name = Products;
			sourceTree = "<group>";
		};
		9B21497C1C92D0000060C962 /* CustomView */ = {
			isa = PBXGroup;
			children = (
				9B21497D1C92D0000060C962 /* AppDelegate.swift */,
				9B21497F1C92D0000060C962 /* ViewController.swift */,
				9B21498F1C92D53A0060C962 /* CustomView.swift */,
				9B2149901C92D53A0060C962 /* CustomView.xib */,
				9B2149811C92D0000060C962 /* Main.storyboard */,
				9B2149841C92D0000060C962 /* Assets.xcassets */,
				9B2149861C92D0000060C962 /* LaunchScreen.storyboard */,
				9B2149891C92D0000060C962 /* Info.plist */,
			);
			path = CustomView;
			sourceTree = "<group>";
		};
/* End PBXGroup section */

/* Begin PBXNativeTarget section */
		9B2149791C92D0000060C962 /* CustomView */ = {
			isa = PBXNativeTarget;
			buildConfigurationList = 9B21498C1C92D0000060C962 /* Build configuration list for PBXNativeTarget "CustomView" */;
			buildPhases = (
				9B2149761C92D0000060C962 /* Sources */,
				9B2149771C92D0000060C962 /* Frameworks */,
				9B2149781C92D0000060C962 /* Resources */,
			);
			buildRules = (
			);
			dependencies = (
			);
			name = CustomView;
			productName = CustomView;
			productReference = 9B21497A1C92D0000060C962 /* CustomView.app */;
			productType = "com.apple.product-type.application";
		};
/* End PBXNativeTarget section */

/* Begin PBXProject section */
		9B2149721C92D0000060C962 /* Project object */ = {
			isa = PBXProject;
			attributes = {
				LastSwiftUpdateCheck = 0720;
				LastUpgradeCheck = 0720;
				ORGANIZATIONNAME = OALeeapp;
				TargetAttributes = {
					9B2149791C92D0000060C962 = {
						CreatedOnToolsVersion = 7.2.1;
					};
				};
			};
			buildConfigurationList = 9B2149751C92D0000060C962 /* Build configuration list for PBXProject "CustomView" */;
			compatibilityVersion = "Xcode 3.2";
			developmentRegion = English;
			hasScannedForEncodings = 0;
			knownRegions = (
				en,
				Base,
			);
			mainGroup = 9B2149711C92D0000060C962;
			productRefGroup = 9B21497B1C92D0000060C962 /* Products */;
			projectDirPath = "";
			projectRoot = "";
			targets = (
				9B2149791C92D0000060C962 /* CustomView */,
			);
		};
/* End PBXProject section */

/* Begin PBXResourcesBuildPhase section */
		9B2149781C92D0000060C962 /* Resources */ = {
			isa = PBXResourcesBuildPhase;
			buildActionMask = 2147483647;
			files = (
				9B2149881C92D0000060C962 /* LaunchScreen.storyboard in Resources */,
				9B2149921C92D53A0060C962 /* CustomView.xib in Resources */,
				9B2149851C92D0000060C962 /* Assets.xcassets in Resources */,
				9B2149831C92D0000060C962 /* Main.storyboard in Resources */,
			);
			runOnlyForDeploymentPostprocessing = 0;
		};
/* End PBXResourcesBuildPhase section */

/* Begin PBXSourcesBuildPhase section */
		9B2149761C92D0000060C962 /* Sources */ = {
			isa = PBXSourcesBuildPhase;
			buildActionMask = 2147483647;
			files = (
				9B2149911C92D53A0060C962 /* CustomView.swift in Sources */,
				9B2149801C92D0000060C962 /* ViewController.swift in Sources */,
				9B21497E1C92D0000060C962 /* AppDelegate.swift in Sources */,
			);
			runOnlyForDeploymentPostprocessing = 0;
		};
/* End PBXSourcesBuildPhase section */

/* Begin PBXVariantGroup section */
		9B2149811C92D0000060C962 /* Main.storyboard */ = {
			isa = PBXVariantGroup;
			children = (
				9B2149821C92D0000060C962 /* Base */,
			);
			name = Main.storyboard;
			sourceTree = "<group>";
		};
		9B2149861C92D0000060C962 /* LaunchScreen.storyboard */ = {
			isa = PBXVariantGroup;
			children = (
				9B2149871C92D0000060C962 /* Base */,
			);
			name = LaunchScreen.storyboard;
			sourceTree = "<group>";
		};
/* End PBXVariantGroup section */

/* Begin XCBuildConfiguration section */
		9B21498A1C92D0000060C962 /* Debug */ = {
			isa = XCBuildConfiguration;
			buildSettings = {
				ALWAYS_SEARCH_USER_PATHS = NO;
				CLANG_CXX_LANGUAGE_STANDARD = "gnu++0x";
				CLANG_CXX_LIBRARY = "libc++";
				CLANG_ENABLE_MODULES = YES;
				CLANG_ENABLE_OBJC_ARC = YES;
				CLANG_WARN_BOOL_CONVERSION = YES;
				CLANG_WARN_CONSTANT_CONVERSION = YES;
				CLANG_WARN_DIRECT_OBJC_ISA_USAGE = YES_ERROR;
				CLANG_WARN_EMPTY_BODY = YES;
				CLANG_WARN_ENUM_CONVERSION = YES;
				CLANG_WARN_INT_CONVERSION = YES;
				CLANG_WARN_OBJC_ROOT_CLASS = YES_ERROR;
				CLANG_WARN_UNREACHABLE_CODE = YES;
				CLANG_WARN__DUPLICATE_METHOD_MATCH = YES;
				"CODE_SIGN_IDENTITY[sdk=iphoneos*]" = "iPhone Developer";
				COPY_PHASE_STRIP = NO;
				DEBUG_INFORMATION_FORMAT = dwarf;
				ENABLE_STRICT_OBJC_MSGSEND = YES;
				ENABLE_TESTABILITY = YES;
				GCC_C_LANGUAGE_STANDARD = gnu99;
				GCC_DYNAMIC_NO_PIC = NO;
				GCC_NO_COMMON_BLOCKS = YES;
				GCC_OPTIMIZATION_LEVEL = 0;
				GCC_PREPROCESSOR_DEFINITIONS = (
					"DEBUG=1",
					"$(inherited)",
				);
				GCC_WARN_64_TO_32_BIT_CONVERSION = YES;
				GCC_WARN_ABOUT_RETURN_TYPE = YES_ERROR;
				GCC_WARN_UNDECLARED_SELECTOR = YES;
				GCC_WARN_UNINITIALIZED_AUTOS = YES_AGGRESSIVE;
				GCC_WARN_UNUSED_FUNCTION = YES;
				GCC_WARN_UNUSED_VARIABLE = YES;
				IPHONEOS_DEPLOYMENT_TARGET = 9.2;
				MTL_ENABLE_DEBUG_INFO = YES;
				ONLY_ACTIVE_ARCH = YES;
				SDKROOT = iphoneos;
				SWIFT_OPTIMIZATION_LEVEL = "-Onone";
			};
			name = Debug;
		};
		9B21498B1C92D0000060C962 /* Release */ = {
			isa = XCBuildConfiguration;
			buildSettings = {
				ALWAYS_SEARCH_USER_PATHS = NO;
				CLANG_CXX_LANGUAGE_STANDARD = "gnu++0x";
				CLANG_CXX_LIBRARY = "libc++";
				CLANG_ENABLE_MODULES = YES;
				CLANG_ENABLE_OBJC_ARC = YES;
				CLANG_WARN_BOOL_CONVERSION = YES;
				CLANG_WARN_CONSTANT_CONVERSION = YES;
				CLANG_WARN_DIRECT_OBJC_ISA_USAGE = YES_ERROR;
				CLANG_WARN_EMPTY_BODY = YES;
				CLANG_WARN_ENUM_CONVERSION = YES;
				CLANG_WARN_INT_CONVERSION = YES;
				CLANG_WARN_OBJC_ROOT_CLASS = YES_ERROR;
				CLANG_WARN_UNREACHABLE_CODE = YES;
				CLANG_WARN__DUPLICATE_METHOD_MATCH = YES;
				"CODE_SIGN_IDENTITY[sdk=iphoneos*]" = "iPhone Developer";
				COPY_PHASE_STRIP = NO;
				DEBUG_INFORMATION_FORMAT = "dwarf-with-dsym";
				ENABLE_NS_ASSERTIONS = NO;
				ENABLE_STRICT_OBJC_MSGSEND = YES;
				GCC_C_LANGUAGE_STANDARD = gnu99;
				GCC_NO_COMMON_BLOCKS = YES;
				GCC_WARN_64_TO_32_BIT_CONVERSION = YES;
				GCC_WARN_ABOUT_RETURN_TYPE = YES_ERROR;
				GCC_WARN_UNDECLARED_SELECTOR = YES;
				GCC_WARN_UNINITIALIZED_AUTOS = YES_AGGRESSIVE;
				GCC_WARN_UNUSED_FUNCTION = YES;
				GCC_WARN_UNUSED_VARIABLE = YES;
				IPHONEOS_DEPLOYMENT_TARGET = 9.2;
				MTL_ENABLE_DEBUG_INFO = NO;
				SDKROOT = iphoneos;
				VALIDATE_PRODUCT = YES;
			};
			name = Release;
		};
		9B21498D1C92D0000060C962 /* Debug */ = {
			isa = XCBuildConfiguration;
			buildSettings = {
				ASSETCATALOG_COMPILER_APPICON_NAME = AppIcon;
				INFOPLIST_FILE = CustomView/Info.plist;
				LD_RUNPATH_SEARCH_PATHS = "$(inherited) @executable_path/Frameworks";
				PRODUCT_BUNDLE_IDENTIFIER = com.OALee.CustomView;
				PRODUCT_NAME = "$(TARGET_NAME)";
			};
			name = Debug;
		};
		9B21498E1C92D0000060C962 /* Release */ = {
			isa = XCBuildConfiguration;
			buildSettings = {
				ASSETCATALOG_COMPILER_APPICON_NAME = AppIcon;
				INFOPLIST_FILE = CustomView/Info.plist;
				LD_RUNPATH_SEARCH_PATHS = "$(inherited) @executable_path/Frameworks";
				PRODUCT_BUNDLE_IDENTIFIER = com.OALee.CustomView;
				PRODUCT_NAME = "$(TARGET_NAME)";
			};
			name = Release;
		};
/* End XCBuildConfiguration section */

/* Begin XCConfigurationList section */
		9B2149751C92D0000060C962 /* Build configuration list for PBXProject "CustomView" */ = {
			isa = XCConfigurationList;
			buildConfigurations = (
				9B21498A1C92D0000060C962 /* Debug */,
				9B21498B1C92D0000060C962 /* Release */,
			);
			defaultConfigurationIsVisible = 0;
			defaultConfigurationName = Release;
		};
		9B21498C1C92D0000060C962 /* Build configuration list for PBXNativeTarget "CustomView" */ = {
			isa = XCConfigurationList;
			buildConfigurations = (
				9B21498D1C92D0000060C962 /* Debug */,
				9B21498E1C92D0000060C962 /* Release */,
			);
			defaultConfigurationIsVisible = 0;
			defaultConfigurationName = Release;
		};
/* End XCConfigurationList section */
	};
	rootObject = 9B2149721C92D0000060C962 /* Project object */;
}
